
Microsoft Visual Studio Solution File, Format Version 12.00
# Visual Studio Version 17
VisualStudioVersion = 17.0.32112.339
MinimumVisualStudioVersion = 10.0.40219.1
Project("{9A19103F-16F7-4668-BE54-9A1E7A4F7556}") = "TakeHome", "TakeHome\TakeHome.csproj", "{418E5D3D-6EA7-4AC1-8FDD-0E0222A74ADE}"
EndProject
Project("{9A19103F-16F7-4668-BE54-9A1E7A4F7556}") = "DataSource", "DataSource\DataSource.csproj", "{EAC09B32-9F90-4CF4-8AB6-4C2680BB2E80}"
EndProject
Project("{9A19103F-16F7-4668-BE54-9A1E7A4F7556}") = "InventoryAllocator", "InventoryAllocator\InventoryAllocator.csproj", "{95D30CFA-1BC6-4EF6-8218-BEFF73870870}"
EndProject
Project("{9A19103F-16F7-4668-BE54-9A1E7A4F7556}") = "Tests", "Tests\Tests.csproj", "{14087467-1FE7-4394-804E-653153F6CF10}"
EndProject
Global
	GlobalSection(SolutionConfigurationPlatforms) = preSolution
		Debug|Any CPU = Debug|Any CPU
		Release|Any CPU = Release|Any CPU
	EndGlobalSection
	GlobalSection(ProjectConfigurationPlatforms) = postSolution
		{418E5D3D-6EA7-4AC1-8FDD-0E0222A74ADE}.Debug|Any CPU.ActiveCfg = Debug|Any CPU
		{418E5D3D-6EA7-4AC1-8FDD-0E0222A74ADE}.Debug|Any CPU.Build.0 = Debug|Any CPU
		{418E5D3D-6EA7-4AC1-8FDD-0E0222A74ADE}.Release|Any CPU.ActiveCfg = Release|Any CPU
		{418E5D3D-6EA7-4AC1-8FDD-0E0222A74ADE}.Release|Any CPU.Build.0 = Release|Any CPU
		{EAC09B32-9F90-4CF4-8AB6-4C2680BB2E80}.Debug|Any CPU.ActiveCfg = Debug|Any CPU
		{EAC09B32-9F90-4CF4-8AB6-4C2680BB2E80}.Debug|Any CPU.Build.0 = Debug|Any CPU
		{EAC09B32-9F90-4CF4-8AB6-4C2680BB2E80}.Release|Any CPU.ActiveCfg = Release|Any CPU
		{EAC09B32-9F90-4CF4-8AB6-4C2680BB2E80}.Release|Any CPU.Build.0 = Release|Any CPU
		{95D30CFA-1BC6-4EF6-8218-BEFF73870870}.Debug|Any CPU.ActiveCfg = Debug|Any CPU
		{95D30CFA-1BC6-4EF6-8218-BEFF73870870}.Debug|Any CPU.Build.0 = Debug|Any CPU
		{95D30CFA-1BC6-4EF6-8218-BEFF73870870}.Release|Any CPU.ActiveCfg = Release|Any CPU
		{95D30CFA-1BC6-4EF6-8218-BEFF73870870}.Release|Any CPU.Build.0 = Release|Any CPU
		{14087467-1FE7-4394-804E-653153F6CF10}.Debug|Any CPU.ActiveCfg = Debug|Any CPU
		{14087467-1FE7-4394-804E-653153F6CF10}.Debug|Any CPU.Build.0 = Debug|Any CPU
		{14087467-1FE7-4394-804E-653153F6CF10}.Release|Any CPU.ActiveCfg = Release|Any CPU
		{14087467-1FE7-4394-804E-653153F6CF10}.Release|Any CPU.Build.0 = Release|Any CPU
	EndGlobalSection
	GlobalSection(SolutionProperties) = preSolution
		HideSolutionNode = FALSE
	EndGlobalSection
	GlobalSection(ExtensibilityGlobals) = postSolution
		SolutionGuid = {C75E1AF3-1DF0-45B1-91C8-8996BE2F5E1F}
	EndGlobalSection
EndGlobal
